// !$*UTF8*$!
{
	archiveVersion = 1;
	classes = {
	};
	objectVersion = 46;
	objects = {

/* Begin PBXBuildFile section */
		9E3E0F59BAB9E6EF946A5931 /* libPods-RGTest.a in Frameworks */ = {isa = PBXBuildFile; fileRef = 0A6D4893690DCB4DA8F6476A /* libPods-RGTest.a */; };
		BD566F373DA020FFFB8D6A98 /* libPods-RGTestTests.a in Frameworks */ = {isa = PBXBuildFile; fileRef = 53432A300C39E22A262EABE2 /* libPods-RGTestTests.a */; };
		EA5FCF651C7262FF00743987 /* main.m in Sources */ = {isa = PBXBuildFile; fileRef = EA5FCF641C7262FF00743987 /* main.m */; };
		EA5FCF6E1C7262FF00743987 /* Main.storyboard in Resources */ = {isa = PBXBuildFile; fileRef = EA5FCF6C1C7262FF00743987 /* Main.storyboard */; };
		EA5FCF701C7262FF00743987 /* Assets.xcassets in Resources */ = {isa = PBXBuildFile; fileRef = EA5FCF6F1C7262FF00743987 /* Assets.xcassets */; };
		EA5FCF731C7262FF00743987 /* LaunchScreen.storyboard in Resources */ = {isa = PBXBuildFile; fileRef = EA5FCF711C7262FF00743987 /* LaunchScreen.storyboard */; };
		EA5FCF7E1C7262FF00743987 /* RGTestTests.m in Sources */ = {isa = PBXBuildFile; fileRef = EA5FCF7D1C7262FF00743987 /* RGTestTests.m */; };
		EA5FCF931C72636600743987 /* AppDelegate.m in Sources */ = {isa = PBXBuildFile; fileRef = EA5FCF8F1C72636600743987 /* AppDelegate.m */; };
		EA5FCF9C1C74F2F200743987 /* RGTAPIController.m in Sources */ = {isa = PBXBuildFile; fileRef = EA5FCF9B1C74F2F200743987 /* RGTAPIController.m */; };
		EA5FCF9F1C74F51B00743987 /* RGTAPIManager.m in Sources */ = {isa = PBXBuildFile; fileRef = EA5FCF9E1C74F51B00743987 /* RGTAPIManager.m */; };
		EA5FCFA61C75002700743987 /* RGTGetCategoriesHTTPRequest.m in Sources */ = {isa = PBXBuildFile; fileRef = EA5FCFA51C75002700743987 /* RGTGetCategoriesHTTPRequest.m */; };
		EA5FCFAA1C75FA4200743987 /* RGTest.xcdatamodeld in Sources */ = {isa = PBXBuildFile; fileRef = EA5FCFA81C75FA4200743987 /* RGTest.xcdatamodeld */; };
		EA5FCFC01C76363900743987 /* RGTProductCollectionViewCell.xib in Resources */ = {isa = PBXBuildFile; fileRef = EA5FCFBF1C76363900743987 /* RGTProductCollectionViewCell.xib */; };
		EA5FCFC81C773F6E00743987 /* RGTGetSearchResultHTTPRequest.m in Sources */ = {isa = PBXBuildFile; fileRef = EA5FCFC71C773F6E00743987 /* RGTGetSearchResultHTTPRequest.m */; };
		EA7F7DE11C81C774001B5F50 /* RGTGetImageURLsHTTPRequest.m in Sources */ = {isa = PBXBuildFile; fileRef = EA7F7DE01C81C774001B5F50 /* RGTGetImageURLsHTTPRequest.m */; };
		EA7F7DF61C8486C8001B5F50 /* RGTSearchTest.m in Sources */ = {isa = PBXBuildFile; fileRef = EA7F7DF51C8486C8001B5F50 /* RGTSearchTest.m */; };
		EA7F7E001C86E1EC001B5F50 /* RGTFavoritesCollectionViewController.m in Sources */ = {isa = PBXBuildFile; fileRef = EA7F7DF91C86E1EC001B5F50 /* RGTFavoritesCollectionViewController.m */; };
		EA7F7E011C86E1EC001B5F50 /* RGTProductDetailTableViewController.m in Sources */ = {isa = PBXBuildFile; fileRef = EA7F7DFB1C86E1EC001B5F50 /* RGTProductDetailTableViewController.m */; };
		EA7F7E021C86E1EC001B5F50 /* RGTSearchResultCollectionViewController.m in Sources */ = {isa = PBXBuildFile; fileRef = EA7F7DFD1C86E1EC001B5F50 /* RGTSearchResultCollectionViewController.m */; };
		EA7F7E031C86E1EC001B5F50 /* RGTSearchViewController.m in Sources */ = {isa = PBXBuildFile; fileRef = EA7F7DFF1C86E1EC001B5F50 /* RGTSearchViewController.m */; };
		EA7F7E141C86E206001B5F50 /* RGTCategory+CoreDataProperties.m in Sources */ = {isa = PBXBuildFile; fileRef = EA7F7E071C86E206001B5F50 /* RGTCategory+CoreDataProperties.m */; };
		EA7F7E151C86E206001B5F50 /* RGTCategory.m in Sources */ = {isa = PBXBuildFile; fileRef = EA7F7E091C86E206001B5F50 /* RGTCategory.m */; };
		EA7F7E161C86E206001B5F50 /* RGTListingElement.m in Sources */ = {isa = PBXBuildFile; fileRef = EA7F7E0B1C86E206001B5F50 /* RGTListingElement.m */; };
		EA7F7E171C86E206001B5F50 /* RGTProduct+CoreDataProperties.m in Sources */ = {isa = PBXBuildFile; fileRef = EA7F7E0D1C86E206001B5F50 /* RGTProduct+CoreDataProperties.m */; };
		EA7F7E181C86E206001B5F50 /* RGTProduct.m in Sources */ = {isa = PBXBuildFile; fileRef = EA7F7E0F1C86E206001B5F50 /* RGTProduct.m */; };
		EA7F7E191C86E206001B5F50 /* RGTMapping.m in Sources */ = {isa = PBXBuildFile; fileRef = EA7F7E131C86E206001B5F50 /* RGTMapping.m */; };
		EA7F7E1D1C86E217001B5F50 /* RGTProductCollectionViewCell.m in Sources */ = {isa = PBXBuildFile; fileRef = EA7F7E1C1C86E217001B5F50 /* RGTProductCollectionViewCell.m */; };
		EA7F7E1E1C86E223001B5F50 /* RGTSearchResultCollectionViewController.m in Sources */ = {isa = PBXBuildFile; fileRef = EA7F7DFD1C86E1EC001B5F50 /* RGTSearchResultCollectionViewController.m */; };
		EA7F7E1F1C86E238001B5F50 /* Main.storyboard in Resources */ = {isa = PBXBuildFile; fileRef = EA5FCF6C1C7262FF00743987 /* Main.storyboard */; };
/* End PBXBuildFile section */

/* Begin PBXContainerItemProxy section */
		EA5FCF7A1C7262FF00743987 /* PBXContainerItemProxy */ = {
			isa = PBXContainerItemProxy;
			containerPortal = EA5FCF581C7262FF00743987 /* Project object */;
			proxyType = 1;
			remoteGlobalIDString = EA5FCF5F1C7262FF00743987;
			remoteInfo = RGTest;
		};
/* End PBXContainerItemProxy section */

/* Begin PBXFileReference section */
		0A6D4893690DCB4DA8F6476A /* libPods-RGTest.a */ = {isa = PBXFileReference; explicitFileType = archive.ar; includeInIndex = 0; path = "libPods-RGTest.a"; sourceTree = BUILT_PRODUCTS_DIR; };
		53432A300C39E22A262EABE2 /* libPods-RGTestTests.a */ = {isa = PBXFileReference; explicitFileType = archive.ar; includeInIndex = 0; path = "libPods-RGTestTests.a"; sourceTree = BUILT_PRODUCTS_DIR; };
		5918CFAB53D0C7AB5425F1F8 /* Pods-RGTest.debug.xcconfig */ = {isa = PBXFileReference; includeInIndex = 1; lastKnownFileType = text.xcconfig; name = "Pods-RGTest.debug.xcconfig"; path = "Pods/Target Support Files/Pods-RGTest/Pods-RGTest.debug.xcconfig"; sourceTree = "<group>"; };
		A72401F9563EB2292FD5A95F /* Pods-RGTest.release.xcconfig */ = {isa = PBXFileReference; includeInIndex = 1; lastKnownFileType = text.xcconfig; name = "Pods-RGTest.release.xcconfig"; path = "Pods/Target Support Files/Pods-RGTest/Pods-RGTest.release.xcconfig"; sourceTree = "<group>"; };
		C501062D43E7E53F812376ED /* Pods-RGTestTests.release.xcconfig */ = {isa = PBXFileReference; includeInIndex = 1; lastKnownFileType = text.xcconfig; name = "Pods-RGTestTests.release.xcconfig"; path = "Pods/Target Support Files/Pods-RGTestTests/Pods-RGTestTests.release.xcconfig"; sourceTree = "<group>"; };
		EA5FCF601C7262FF00743987 /* RGTest.app */ = {isa = PBXFileReference; explicitFileType = wrapper.application; includeInIndex = 0; path = RGTest.app; sourceTree = BUILT_PRODUCTS_DIR; };
		EA5FCF641C7262FF00743987 /* main.m */ = {isa = PBXFileReference; lastKnownFileType = sourcecode.c.objc; path = main.m; sourceTree = "<group>"; };
		EA5FCF6D1C7262FF00743987 /* Base */ = {isa = PBXFileReference; lastKnownFileType = file.storyboard; name = Base; path = Base.lproj/Main.storyboard; sourceTree = "<group>"; };
		EA5FCF6F1C7262FF00743987 /* Assets.xcassets */ = {isa = PBXFileReference; lastKnownFileType = folder.assetcatalog; path = Assets.xcassets; sourceTree = "<group>"; };
		EA5FCF721C7262FF00743987 /* Base */ = {isa = PBXFileReference; lastKnownFileType = file.storyboard; name = Base; path = Base.lproj/LaunchScreen.storyboard; sourceTree = "<group>"; };
		EA5FCF741C7262FF00743987 /* Info.plist */ = {isa = PBXFileReference; lastKnownFileType = text.plist.xml; path = Info.plist; sourceTree = "<group>"; };
		EA5FCF791C7262FF00743987 /* RGTestTests.xctest */ = {isa = PBXFileReference; explicitFileType = wrapper.cfbundle; includeInIndex = 0; path = RGTestTests.xctest; sourceTree = BUILT_PRODUCTS_DIR; };
		EA5FCF7D1C7262FF00743987 /* RGTestTests.m */ = {isa = PBXFileReference; lastKnownFileType = sourcecode.c.objc; path = RGTestTests.m; sourceTree = "<group>"; };
		EA5FCF7F1C7262FF00743987 /* Info.plist */ = {isa = PBXFileReference; lastKnownFileType = text.plist.xml; path = Info.plist; sourceTree = "<group>"; };
		EA5FCF8E1C72636600743987 /* AppDelegate.h */ = {isa = PBXFileReference; fileEncoding = 4; lastKnownFileType = sourcecode.c.h; path = AppDelegate.h; sourceTree = "<group>"; };
		EA5FCF8F1C72636600743987 /* AppDelegate.m */ = {isa = PBXFileReference; fileEncoding = 4; lastKnownFileType = sourcecode.c.objc; path = AppDelegate.m; sourceTree = "<group>"; };
		EA5FCF9A1C74F2F200743987 /* RGTAPIController.h */ = {isa = PBXFileReference; fileEncoding = 4; lastKnownFileType = sourcecode.c.h; path = RGTAPIController.h; sourceTree = "<group>"; };
		EA5FCF9B1C74F2F200743987 /* RGTAPIController.m */ = {isa = PBXFileReference; fileEncoding = 4; lastKnownFileType = sourcecode.c.objc; path = RGTAPIController.m; sourceTree = "<group>"; };
		EA5FCF9D1C74F51B00743987 /* RGTAPIManager.h */ = {isa = PBXFileReference; fileEncoding = 4; lastKnownFileType = sourcecode.c.h; path = RGTAPIManager.h; sourceTree = "<group>"; };
		EA5FCF9E1C74F51B00743987 /* RGTAPIManager.m */ = {isa = PBXFileReference; fileEncoding = 4; lastKnownFileType = sourcecode.c.objc; path = RGTAPIManager.m; sourceTree = "<group>"; };
		EA5FCFA11C74FD3500743987 /* RGTBaseHTTPRequest.h */ = {isa = PBXFileReference; fileEncoding = 4; lastKnownFileType = sourcecode.c.h; path = RGTBaseHTTPRequest.h; sourceTree = "<group>"; };
		EA5FCFA41C75002700743987 /* RGTGetCategoriesHTTPRequest.h */ = {isa = PBXFileReference; fileEncoding = 4; lastKnownFileType = sourcecode.c.h; path = RGTGetCategoriesHTTPRequest.h; sourceTree = "<group>"; };
		EA5FCFA51C75002700743987 /* RGTGetCategoriesHTTPRequest.m */ = {isa = PBXFileReference; fileEncoding = 4; lastKnownFileType = sourcecode.c.objc; path = RGTGetCategoriesHTTPRequest.m; sourceTree = "<group>"; };
		EA5FCFA71C75F95F00743987 /* RGTest-Prefix.pch */ = {isa = PBXFileReference; fileEncoding = 4; lastKnownFileType = sourcecode.c.h; path = "RGTest-Prefix.pch"; sourceTree = "<group>"; };
		EA5FCFA91C75FA4200743987 /* RGTest.xcdatamodel */ = {isa = PBXFileReference; lastKnownFileType = wrapper.xcdatamodel; path = RGTest.xcdatamodel; sourceTree = "<group>"; };
		EA5FCFBF1C76363900743987 /* RGTProductCollectionViewCell.xib */ = {isa = PBXFileReference; fileEncoding = 4; lastKnownFileType = file.xib; path = RGTProductCollectionViewCell.xib; sourceTree = "<group>"; };
		EA5FCFC61C773F6E00743987 /* RGTGetSearchResultHTTPRequest.h */ = {isa = PBXFileReference; fileEncoding = 4; lastKnownFileType = sourcecode.c.h; path = RGTGetSearchResultHTTPRequest.h; sourceTree = "<group>"; };
		EA5FCFC71C773F6E00743987 /* RGTGetSearchResultHTTPRequest.m */ = {isa = PBXFileReference; fileEncoding = 4; lastKnownFileType = sourcecode.c.objc; path = RGTGetSearchResultHTTPRequest.m; sourceTree = "<group>"; };
		EA7F7DDF1C81C774001B5F50 /* RGTGetImageURLsHTTPRequest.h */ = {isa = PBXFileReference; fileEncoding = 4; lastKnownFileType = sourcecode.c.h; path = RGTGetImageURLsHTTPRequest.h; sourceTree = "<group>"; };
		EA7F7DE01C81C774001B5F50 /* RGTGetImageURLsHTTPRequest.m */ = {isa = PBXFileReference; fileEncoding = 4; lastKnownFileType = sourcecode.c.objc; path = RGTGetImageURLsHTTPRequest.m; sourceTree = "<group>"; };
		EA7F7DF41C8486C8001B5F50 /* RGTSearchTest.h */ = {isa = PBXFileReference; fileEncoding = 4; lastKnownFileType = sourcecode.c.h; path = RGTSearchTest.h; sourceTree = "<group>"; };
		EA7F7DF51C8486C8001B5F50 /* RGTSearchTest.m */ = {isa = PBXFileReference; fileEncoding = 4; lastKnownFileType = sourcecode.c.objc; path = RGTSearchTest.m; sourceTree = "<group>"; };
		EA7F7DF81C86E1EC001B5F50 /* RGTFavoritesCollectionViewController.h */ = {isa = PBXFileReference; fileEncoding = 4; lastKnownFileType = sourcecode.c.h; path = RGTFavoritesCollectionViewController.h; sourceTree = "<group>"; };
		EA7F7DF91C86E1EC001B5F50 /* RGTFavoritesCollectionViewController.m */ = {isa = PBXFileReference; fileEncoding = 4; lastKnownFileType = sourcecode.c.objc; path = RGTFavoritesCollectionViewController.m; sourceTree = "<group>"; };
		EA7F7DFA1C86E1EC001B5F50 /* RGTProductDetailTableViewController.h */ = {isa = PBXFileReference; fileEncoding = 4; lastKnownFileType = sourcecode.c.h; path = RGTProductDetailTableViewController.h; sourceTree = "<group>"; };
		EA7F7DFB1C86E1EC001B5F50 /* RGTProductDetailTableViewController.m */ = {isa = PBXFileReference; fileEncoding = 4; lastKnownFileType = sourcecode.c.objc; path = RGTProductDetailTableViewController.m; sourceTree = "<group>"; };
		EA7F7DFC1C86E1EC001B5F50 /* RGTSearchResultCollectionViewController.h */ = {isa = PBXFileReference; fileEncoding = 4; lastKnownFileType = sourcecode.c.h; path = RGTSearchResultCollectionViewController.h; sourceTree = "<group>"; };
		EA7F7DFD1C86E1EC001B5F50 /* RGTSearchResultCollectionViewController.m */ = {isa = PBXFileReference; fileEncoding = 4; lastKnownFileType = sourcecode.c.objc; path = RGTSearchResultCollectionViewController.m; sourceTree = "<group>"; };
		EA7F7DFE1C86E1EC001B5F50 /* RGTSearchViewController.h */ = {isa = PBXFileReference; fileEncoding = 4; lastKnownFileType = sourcecode.c.h; path = RGTSearchViewController.h; sourceTree = "<group>"; };
		EA7F7DFF1C86E1EC001B5F50 /* RGTSearchViewController.m */ = {isa = PBXFileReference; fileEncoding = 4; lastKnownFileType = sourcecode.c.objc; path = RGTSearchViewController.m; sourceTree = "<group>"; };
		EA7F7E061C86E206001B5F50 /* RGTCategory+CoreDataProperties.h */ = {isa = PBXFileReference; fileEncoding = 4; lastKnownFileType = sourcecode.c.h; path = "RGTCategory+CoreDataProperties.h"; sourceTree = "<group>"; };
		EA7F7E071C86E206001B5F50 /* RGTCategory+CoreDataProperties.m */ = {isa = PBXFileReference; fileEncoding = 4; lastKnownFileType = sourcecode.c.objc; path = "RGTCategory+CoreDataProperties.m"; sourceTree = "<group>"; };
		EA7F7E081C86E206001B5F50 /* RGTCategory.h */ = {isa = PBXFileReference; fileEncoding = 4; lastKnownFileType = sourcecode.c.h; path = RGTCategory.h; sourceTree = "<group>"; };
		EA7F7E091C86E206001B5F50 /* RGTCategory.m */ = {isa = PBXFileReference; fileEncoding = 4; lastKnownFileType = sourcecode.c.objc; path = RGTCategory.m; sourceTree = "<group>"; };
		EA7F7E0A1C86E206001B5F50 /* RGTListingElement.h */ = {isa = PBXFileReference; fileEncoding = 4; lastKnownFileType = sourcecode.c.h; path = RGTListingElement.h; sourceTree = "<group>"; };
		EA7F7E0B1C86E206001B5F50 /* RGTListingElement.m */ = {isa = PBXFileReference; fileEncoding = 4; lastKnownFileType = sourcecode.c.objc; path = RGTListingElement.m; sourceTree = "<group>"; };
		EA7F7E0C1C86E206001B5F50 /* RGTProduct+CoreDataProperties.h */ = {isa = PBXFileReference; fileEncoding = 4; lastKnownFileType = sourcecode.c.h; path = "RGTProduct+CoreDataProperties.h"; sourceTree = "<group>"; };
		EA7F7E0D1C86E206001B5F50 /* RGTProduct+CoreDataProperties.m */ = {isa = PBXFileReference; fileEncoding = 4; lastKnownFileType = sourcecode.c.objc; path = "RGTProduct+CoreDataProperties.m"; sourceTree = "<group>"; };
		EA7F7E0E1C86E206001B5F50 /* RGTProduct.h */ = {isa = PBXFileReference; fileEncoding = 4; lastKnownFileType = sourcecode.c.h; path = RGTProduct.h; sourceTree = "<group>"; };
		EA7F7E0F1C86E206001B5F50 /* RGTProduct.m */ = {isa = PBXFileReference; fileEncoding = 4; lastKnownFileType = sourcecode.c.objc; path = RGTProduct.m; sourceTree = "<group>"; };
		EA7F7E101C86E206001B5F50 /* RGTProductInfoProtocol.h */ = {isa = PBXFileReference; fileEncoding = 4; lastKnownFileType = sourcecode.c.h; path = RGTProductInfoProtocol.h; sourceTree = "<group>"; };
		EA7F7E121C86E206001B5F50 /* RGTMapping.h */ = {isa = PBXFileReference; fileEncoding = 4; lastKnownFileType = sourcecode.c.h; path = RGTMapping.h; sourceTree = "<group>"; };
		EA7F7E131C86E206001B5F50 /* RGTMapping.m */ = {isa = PBXFileReference; fileEncoding = 4; lastKnownFileType = sourcecode.c.objc; path = RGTMapping.m; sourceTree = "<group>"; };
		EA7F7E1B1C86E217001B5F50 /* RGTProductCollectionViewCell.h */ = {isa = PBXFileReference; fileEncoding = 4; lastKnownFileType = sourcecode.c.h; path = RGTProductCollectionViewCell.h; sourceTree = "<group>"; };
		EA7F7E1C1C86E217001B5F50 /* RGTProductCollectionViewCell.m */ = {isa = PBXFileReference; fileEncoding = 4; lastKnownFileType = sourcecode.c.objc; path = RGTProductCollectionViewCell.m; sourceTree = "<group>"; };
		F1DF068C0A64C154986260D6 /* Pods-RGTestTests.debug.xcconfig */ = {isa = PBXFileReference; includeInIndex = 1; lastKnownFileType = text.xcconfig; name = "Pods-RGTestTests.debug.xcconfig"; path = "Pods/Target Support Files/Pods-RGTestTests/Pods-RGTestTests.debug.xcconfig"; sourceTree = "<group>"; };
/* End PBXFileReference section */

/* Begin PBXFrameworksBuildPhase section */
		EA5FCF5D1C7262FF00743987 /* Frameworks */ = {
			isa = PBXFrameworksBuildPhase;
			buildActionMask = 2147483647;
			files = (
				9E3E0F59BAB9E6EF946A5931 /* libPods-RGTest.a in Frameworks */,
			);
			runOnlyForDeploymentPostprocessing = 0;
		};
		EA5FCF761C7262FF00743987 /* Frameworks */ = {
			isa = PBXFrameworksBuildPhase;
			buildActionMask = 2147483647;
			files = (
				BD566F373DA020FFFB8D6A98 /* libPods-RGTestTests.a in Frameworks */,
			);
			runOnlyForDeploymentPostprocessing = 0;
		};
/* End PBXFrameworksBuildPhase section */

/* Begin PBXGroup section */
		4D2FA82B104DA854C7BCB764 /* Pods */ = {
			isa = PBXGroup;
			children = (
				5918CFAB53D0C7AB5425F1F8 /* Pods-RGTest.debug.xcconfig */,
				A72401F9563EB2292FD5A95F /* Pods-RGTest.release.xcconfig */,
				F1DF068C0A64C154986260D6 /* Pods-RGTestTests.debug.xcconfig */,
				C501062D43E7E53F812376ED /* Pods-RGTestTests.release.xcconfig */,
			);
			name = Pods;
			sourceTree = "<group>";
		};
		DDAFEFFC105F6506A6760038 /* Frameworks */ = {
			isa = PBXGroup;
			children = (
				0A6D4893690DCB4DA8F6476A /* libPods-RGTest.a */,
				53432A300C39E22A262EABE2 /* libPods-RGTestTests.a */,
			);
			name = Frameworks;
			sourceTree = "<group>";
		};
		EA5FCF571C7262FF00743987 = {
			isa = PBXGroup;
			children = (
				EA5FCF621C7262FF00743987 /* RGTest */,
				EA5FCF7C1C7262FF00743987 /* RGTestTests */,
				EA5FCF611C7262FF00743987 /* Products */,
				4D2FA82B104DA854C7BCB764 /* Pods */,
				DDAFEFFC105F6506A6760038 /* Frameworks */,
			);
			sourceTree = "<group>";
		};
		EA5FCF611C7262FF00743987 /* Products */ = {
			isa = PBXGroup;
			children = (
				EA5FCF601C7262FF00743987 /* RGTest.app */,
				EA5FCF791C7262FF00743987 /* RGTestTests.xctest */,
			);
			name = Products;
			sourceTree = "<group>";
		};
		EA5FCF621C7262FF00743987 /* RGTest */ = {
			isa = PBXGroup;
			children = (
				EA5FCF8D1C72636600743987 /* Classes */,
				EA5FCF961C74A11900743987 /* Resources */,
				EA5FCF631C7262FF00743987 /* Supporting Files */,
			);
			path = RGTest;
			sourceTree = "<group>";
		};
		EA5FCF631C7262FF00743987 /* Supporting Files */ = {
			isa = PBXGroup;
			children = (
				EA5FCF741C7262FF00743987 /* Info.plist */,
				EA5FCFA71C75F95F00743987 /* RGTest-Prefix.pch */,
				EA5FCF641C7262FF00743987 /* main.m */,
			);
			name = "Supporting Files";
			sourceTree = "<group>";
		};
		EA5FCF7C1C7262FF00743987 /* RGTestTests */ = {
			isa = PBXGroup;
			children = (
				EA5FCF7D1C7262FF00743987 /* RGTestTests.m */,
				EA5FCF7F1C7262FF00743987 /* Info.plist */,
				EA7F7DF41C8486C8001B5F50 /* RGTSearchTest.h */,
				EA7F7DF51C8486C8001B5F50 /* RGTSearchTest.m */,
			);
			path = RGTestTests;
			sourceTree = "<group>";
		};
		EA5FCF8D1C72636600743987 /* Classes */ = {
			isa = PBXGroup;
			children = (
				EA5FCF951C73A21600743987 /* API */,
				EA7F7DDA1C7CDBD7001B5F50 /* Categories */,
				EA7F7E041C86E206001B5F50 /* Models */,
				EA7F7DF71C86E1EC001B5F50 /* View Controllers */,
				EA7F7E1A1C86E217001B5F50 /* Views */,
				EA5FCF8E1C72636600743987 /* AppDelegate.h */,
				EA5FCF8F1C72636600743987 /* AppDelegate.m */,
			);
			path = Classes;
			sourceTree = "<group>";
		};
		EA5FCF951C73A21600743987 /* API */ = {
			isa = PBXGroup;
			children = (
				EA5FCFA01C74FCA200743987 /* Requests */,
				EA5FCF9A1C74F2F200743987 /* RGTAPIController.h */,
				EA5FCF9B1C74F2F200743987 /* RGTAPIController.m */,
				EA5FCF9D1C74F51B00743987 /* RGTAPIManager.h */,
				EA5FCF9E1C74F51B00743987 /* RGTAPIManager.m */,
			);
			path = API;
			sourceTree = "<group>";
		};
		EA5FCF961C74A11900743987 /* Resources */ = {
			isa = PBXGroup;
			children = (
				EA5FCFBE1C76361A00743987 /* XIB */,
				EA5FCF6C1C7262FF00743987 /* Main.storyboard */,
				EA5FCF6F1C7262FF00743987 /* Assets.xcassets */,
				EA5FCF711C7262FF00743987 /* LaunchScreen.storyboard */,
				EA5FCFA81C75FA4200743987 /* RGTest.xcdatamodeld */,
			);
			name = Resources;
			sourceTree = "<group>";
		};
		EA5FCFA01C74FCA200743987 /* Requests */ = {
			isa = PBXGroup;
			children = (
				EA5FCFA11C74FD3500743987 /* RGTBaseHTTPRequest.h */,
				EA5FCFA41C75002700743987 /* RGTGetCategoriesHTTPRequest.h */,
				EA5FCFA51C75002700743987 /* RGTGetCategoriesHTTPRequest.m */,
				EA5FCFC61C773F6E00743987 /* RGTGetSearchResultHTTPRequest.h */,
				EA5FCFC71C773F6E00743987 /* RGTGetSearchResultHTTPRequest.m */,
				EA7F7DDF1C81C774001B5F50 /* RGTGetImageURLsHTTPRequest.h */,
				EA7F7DE01C81C774001B5F50 /* RGTGetImageURLsHTTPRequest.m */,
			);
			path = Requests;
			sourceTree = "<group>";
		};
		EA5FCFBE1C76361A00743987 /* XIB */ = {
			isa = PBXGroup;
			children = (
				EA5FCFBF1C76363900743987 /* RGTProductCollectionViewCell.xib */,
			);
			path = XIB;
			sourceTree = "<group>";
		};
		EA7F7DDA1C7CDBD7001B5F50 /* Categories */ = {
			isa = PBXGroup;
			children = (
			);
			path = Categories;
			sourceTree = "<group>";
		};
		EA7F7DF71C86E1EC001B5F50 /* View Controllers */ = {
			isa = PBXGroup;
			children = (
				EA7F7DF81C86E1EC001B5F50 /* RGTFavoritesCollectionViewController.h */,
				EA7F7DF91C86E1EC001B5F50 /* RGTFavoritesCollectionViewController.m */,
				EA7F7DFA1C86E1EC001B5F50 /* RGTProductDetailTableViewController.h */,
				EA7F7DFB1C86E1EC001B5F50 /* RGTProductDetailTableViewController.m */,
				EA7F7DFC1C86E1EC001B5F50 /* RGTSearchResultCollectionViewController.h */,
				EA7F7DFD1C86E1EC001B5F50 /* RGTSearchResultCollectionViewController.m */,
				EA7F7DFE1C86E1EC001B5F50 /* RGTSearchViewController.h */,
				EA7F7DFF1C86E1EC001B5F50 /* RGTSearchViewController.m */,
			);
			name = "View Controllers";
			path = "RGTest/Classes/View Controllers";
			sourceTree = SOURCE_ROOT;
		};
		EA7F7E041C86E206001B5F50 /* Models */ = {
			isa = PBXGroup;
			children = (
				EA7F7E051C86E206001B5F50 /* Entities */,
				EA7F7E111C86E206001B5F50 /* Mapping */,
			);
			path = Models;
			sourceTree = "<group>";
		};
		EA7F7E051C86E206001B5F50 /* Entities */ = {
			isa = PBXGroup;
			children = (
				EA7F7E061C86E206001B5F50 /* RGTCategory+CoreDataProperties.h */,
				EA7F7E071C86E206001B5F50 /* RGTCategory+CoreDataProperties.m */,
				EA7F7E081C86E206001B5F50 /* RGTCategory.h */,
				EA7F7E091C86E206001B5F50 /* RGTCategory.m */,
				EA7F7E0A1C86E206001B5F50 /* RGTListingElement.h */,
				EA7F7E0B1C86E206001B5F50 /* RGTListingElement.m */,
				EA7F7E0C1C86E206001B5F50 /* RGTProduct+CoreDataProperties.h */,
				EA7F7E0D1C86E206001B5F50 /* RGTProduct+CoreDataProperties.m */,
				EA7F7E0E1C86E206001B5F50 /* RGTProduct.h */,
				EA7F7E0F1C86E206001B5F50 /* RGTProduct.m */,
				EA7F7E101C86E206001B5F50 /* RGTProductInfoProtocol.h */,
			);
			path = Entities;
			sourceTree = "<group>";
		};
		EA7F7E111C86E206001B5F50 /* Mapping */ = {
			isa = PBXGroup;
			children = (
				EA7F7E121C86E206001B5F50 /* RGTMapping.h */,
				EA7F7E131C86E206001B5F50 /* RGTMapping.m */,
			);
			path = Mapping;
			sourceTree = "<group>";
		};
		EA7F7E1A1C86E217001B5F50 /* Views */ = {
			isa = PBXGroup;
			children = (
				EA7F7E1B1C86E217001B5F50 /* RGTProductCollectionViewCell.h */,
				EA7F7E1C1C86E217001B5F50 /* RGTProductCollectionViewCell.m */,
			);
			path = Views;
			sourceTree = "<group>";
		};
/* End PBXGroup section */

/* Begin PBXNativeTarget section */
		EA5FCF5F1C7262FF00743987 /* RGTest */ = {
			isa = PBXNativeTarget;
			buildConfigurationList = EA5FCF821C7262FF00743987 /* Build configuration list for PBXNativeTarget "RGTest" */;
			buildPhases = (
				F10B1F982F972524D008FDDA /* Check Pods Manifest.lock */,
				EA5FCF5C1C7262FF00743987 /* Sources */,
				EA5FCF5D1C7262FF00743987 /* Frameworks */,
				EA5FCF5E1C7262FF00743987 /* Resources */,
				6562EB11FC5B804140E63BFA /* Embed Pods Frameworks */,
				0F18C7B478A05594301F157F /* Copy Pods Resources */,
			);
			buildRules = (
			);
			dependencies = (
			);
			name = RGTest;
			productName = RGTest;
			productReference = EA5FCF601C7262FF00743987 /* RGTest.app */;
			productType = "com.apple.product-type.application";
		};
		EA5FCF781C7262FF00743987 /* RGTestTests */ = {
			isa = PBXNativeTarget;
			buildConfigurationList = EA5FCF851C7262FF00743987 /* Build configuration list for PBXNativeTarget "RGTestTests" */;
			buildPhases = (
				E70CC7902B2C4097214DEC1E /* Check Pods Manifest.lock */,
				EA5FCF751C7262FF00743987 /* Sources */,
				EA5FCF761C7262FF00743987 /* Frameworks */,
				EA5FCF771C7262FF00743987 /* Resources */,
				F3D0CD6EB29F21AE7383F132 /* Embed Pods Frameworks */,
				6F1CBC9AC6BF9FAC3D7CB2DB /* Copy Pods Resources */,
			);
			buildRules = (
			);
			dependencies = (
				EA5FCF7B1C7262FF00743987 /* PBXTargetDependency */,
			);
			name = RGTestTests;
			productName = RGTestTests;
			productReference = EA5FCF791C7262FF00743987 /* RGTestTests.xctest */;
			productType = "com.apple.product-type.bundle.unit-test";
		};
/* End PBXNativeTarget section */

/* Begin PBXProject section */
		EA5FCF581C7262FF00743987 /* Project object */ = {
			isa = PBXProject;
			attributes = {
				LastUpgradeCheck = 0720;
				ORGANIZATIONNAME = "Sapa Denys";
				TargetAttributes = {
					EA5FCF5F1C7262FF00743987 = {
						CreatedOnToolsVersion = 7.2.1;
					};
					EA5FCF781C7262FF00743987 = {
						CreatedOnToolsVersion = 7.2.1;
						TestTargetID = EA5FCF5F1C7262FF00743987;
					};
				};
			};
			buildConfigurationList = EA5FCF5B1C7262FF00743987 /* Build configuration list for PBXProject "RGTest" */;
			compatibilityVersion = "Xcode 3.2";
			developmentRegion = English;
			hasScannedForEncodings = 0;
			knownRegions = (
				en,
				Base,
			);
			mainGroup = EA5FCF571C7262FF00743987;
			productRefGroup = EA5FCF611C7262FF00743987 /* Products */;
			projectDirPath = "";
			projectRoot = "";
			targets = (
				EA5FCF5F1C7262FF00743987 /* RGTest */,
				EA5FCF781C7262FF00743987 /* RGTestTests */,
			);
		};
/* End PBXProject section */

/* Begin PBXResourcesBuildPhase section */
		EA5FCF5E1C7262FF00743987 /* Resources */ = {
			isa = PBXResourcesBuildPhase;
			buildActionMask = 2147483647;
			files = (
				EA5FCFC01C76363900743987 /* RGTProductCollectionViewCell.xib in Resources */,
				EA5FCF731C7262FF00743987 /* LaunchScreen.storyboard in Resources */,
				EA5FCF701C7262FF00743987 /* Assets.xcassets in Resources */,
				EA5FCF6E1C7262FF00743987 /* Main.storyboard in Resources */,
			);
			runOnlyForDeploymentPostprocessing = 0;
		};
		EA5FCF771C7262FF00743987 /* Resources */ = {
			isa = PBXResourcesBuildPhase;
			buildActionMask = 2147483647;
			files = (
				EA7F7E1F1C86E238001B5F50 /* Main.storyboard in Resources */,
			);
			runOnlyForDeploymentPostprocessing = 0;
		};
/* End PBXResourcesBuildPhase section */

/* Begin PBXShellScriptBuildPhase section */
		0F18C7B478A05594301F157F /* Copy Pods Resources */ = {
			isa = PBXShellScriptBuildPhase;
			buildActionMask = 2147483647;
			files = (
			);
			inputPaths = (
			);
			name = "Copy Pods Resources";
			outputPaths = (
			);
			runOnlyForDeploymentPostprocessing = 0;
			shellPath = /bin/sh;
			shellScript = "\"${SRCROOT}/Pods/Target Support Files/Pods-RGTest/Pods-RGTest-resources.sh\"\n";
			showEnvVarsInLog = 0;
		};
		6562EB11FC5B804140E63BFA /* Embed Pods Frameworks */ = {
			isa = PBXShellScriptBuildPhase;
			buildActionMask = 2147483647;
			files = (
			);
			inputPaths = (
			);
			name = "Embed Pods Frameworks";
			outputPaths = (
			);
			runOnlyForDeploymentPostprocessing = 0;
			shellPath = /bin/sh;
			shellScript = "\"${SRCROOT}/Pods/Target Support Files/Pods-RGTest/Pods-RGTest-frameworks.sh\"\n";
			showEnvVarsInLog = 0;
		};
		6F1CBC9AC6BF9FAC3D7CB2DB /* Copy Pods Resources */ = {
			isa = PBXShellScriptBuildPhase;
			buildActionMask = 2147483647;
			files = (
			);
			inputPaths = (
			);
			name = "Copy Pods Resources";
			outputPaths = (
			);
			runOnlyForDeploymentPostprocessing = 0;
			shellPath = /bin/sh;
			shellScript = "\"${SRCROOT}/Pods/Target Support Files/Pods-RGTestTests/Pods-RGTestTests-resources.sh\"\n";
			showEnvVarsInLog = 0;
		};
		E70CC7902B2C4097214DEC1E /* Check Pods Manifest.lock */ = {
			isa = PBXShellScriptBuildPhase;
			buildActionMask = 2147483647;
			files = (
			);
			inputPaths = (
			);
			name = "Check Pods Manifest.lock";
			outputPaths = (
			);
			runOnlyForDeploymentPostprocessing = 0;
			shellPath = /bin/sh;
			shellScript = "diff \"${PODS_ROOT}/../Podfile.lock\" \"${PODS_ROOT}/Manifest.lock\" > /dev/null\nif [[ $? != 0 ]] ; then\n    cat << EOM\nerror: The sandbox is not in sync with the Podfile.lock. Run 'pod install' or update your CocoaPods installation.\nEOM\n    exit 1\nfi\n";
			showEnvVarsInLog = 0;
		};
		F10B1F982F972524D008FDDA /* Check Pods Manifest.lock */ = {
			isa = PBXShellScriptBuildPhase;
			buildActionMask = 2147483647;
			files = (
			);
			inputPaths = (
			);
			name = "Check Pods Manifest.lock";
			outputPaths = (
			);
			runOnlyForDeploymentPostprocessing = 0;
			shellPath = /bin/sh;
			shellScript = "diff \"${PODS_ROOT}/../Podfile.lock\" \"${PODS_ROOT}/Manifest.lock\" > /dev/null\nif [[ $? != 0 ]] ; then\n    cat << EOM\nerror: The sandbox is not in sync with the Podfile.lock. Run 'pod install' or update your CocoaPods installation.\nEOM\n    exit 1\nfi\n";
			showEnvVarsInLog = 0;
		};
		F3D0CD6EB29F21AE7383F132 /* Embed Pods Frameworks */ = {
			isa = PBXShellScriptBuildPhase;
			buildActionMask = 2147483647;
			files = (
			);
			inputPaths = (
			);
			name = "Embed Pods Frameworks";
			outputPaths = (
			);
			runOnlyForDeploymentPostprocessing = 0;
			shellPath = /bin/sh;
			shellScript = "\"${SRCROOT}/Pods/Target Support Files/Pods-RGTestTests/Pods-RGTestTests-frameworks.sh\"\n";
			showEnvVarsInLog = 0;
		};
/* End PBXShellScriptBuildPhase section */

/* Begin PBXSourcesBuildPhase section */
		EA5FCF5C1C7262FF00743987 /* Sources */ = {
			isa = PBXSourcesBuildPhase;
			buildActionMask = 2147483647;
			files = (
				EA7F7DE11C81C774001B5F50 /* RGTGetImageURLsHTTPRequest.m in Sources */,
				EA7F7E191C86E206001B5F50 /* RGTMapping.m in Sources */,
				EA5FCFC81C773F6E00743987 /* RGTGetSearchResultHTTPRequest.m in Sources */,
				EA5FCF9C1C74F2F200743987 /* RGTAPIController.m in Sources */,
				EA7F7E151C86E206001B5F50 /* RGTCategory.m in Sources */,
				EA7F7E171C86E206001B5F50 /* RGTProduct+CoreDataProperties.m in Sources */,
				EA5FCF931C72636600743987 /* AppDelegate.m in Sources */,
				EA5FCFAA1C75FA4200743987 /* RGTest.xcdatamodeld in Sources */,
				EA5FCF9F1C74F51B00743987 /* RGTAPIManager.m in Sources */,
				EA5FCF651C7262FF00743987 /* main.m in Sources */,
				EA7F7E181C86E206001B5F50 /* RGTProduct.m in Sources */,
				EA7F7E031C86E1EC001B5F50 /* RGTSearchViewController.m in Sources */,
				EA7F7E001C86E1EC001B5F50 /* RGTFavoritesCollectionViewController.m in Sources */,
				EA7F7E021C86E1EC001B5F50 /* RGTSearchResultCollectionViewController.m in Sources */,
				EA7F7E1D1C86E217001B5F50 /* RGTProductCollectionViewCell.m in Sources */,
				EA5FCFA61C75002700743987 /* RGTGetCategoriesHTTPRequest.m in Sources */,
				EA7F7E011C86E1EC001B5F50 /* RGTProductDetailTableViewController.m in Sources */,
				EA7F7E141C86E206001B5F50 /* RGTCategory+CoreDataProperties.m in Sources */,
				EA7F7E161C86E206001B5F50 /* RGTListingElement.m in Sources */,
			);
			runOnlyForDeploymentPostprocessing = 0;
		};
		EA5FCF751C7262FF00743987 /* Sources */ = {
			isa = PBXSourcesBuildPhase;
			buildActionMask = 2147483647;
			files = (
				EA5FCF7E1C7262FF00743987 /* RGTestTests.m in Sources */,
				EA7F7E1E1C86E223001B5F50 /* RGTSearchResultCollectionViewController.m in Sources */,
				EA7F7DF61C8486C8001B5F50 /* RGTSearchTest.m in Sources */,
			);
			runOnlyForDeploymentPostprocessing = 0;
		};
/* End PBXSourcesBuildPhase section */

/* Begin PBXTargetDependency section */
		EA5FCF7B1C7262FF00743987 /* PBXTargetDependency */ = {
			isa = PBXTargetDependency;
			target = EA5FCF5F1C7262FF00743987 /* RGTest */;
			targetProxy = EA5FCF7A1C7262FF00743987 /* PBXContainerItemProxy */;
		};
/* End PBXTargetDependency section */

/* Begin PBXVariantGroup section */
		EA5FCF6C1C7262FF00743987 /* Main.storyboard */ = {
			isa = PBXVariantGroup;
			children = (
				EA5FCF6D1C7262FF00743987 /* Base */,
			);
			name = Main.storyboard;
			sourceTree = "<group>";
		};
		EA5FCF711C7262FF00743987 /* LaunchScreen.storyboard */ = {
			isa = PBXVariantGroup;
			children = (
				EA5FCF721C7262FF00743987 /* Base */,
			);
			name = LaunchScreen.storyboard;
			sourceTree = "<group>";
		};
/* End PBXVariantGroup section */

/* Begin XCBuildConfiguration section */
		EA5FCF801C7262FF00743987 /* Debug */ = {
			isa = XCBuildConfiguration;
			buildSettings = {
				ALWAYS_SEARCH_USER_PATHS = NO;
				CLANG_CXX_LANGUAGE_STANDARD = "gnu++0x";
				CLANG_CXX_LIBRARY = "libc++";
				CLANG_ENABLE_MODULES = YES;
				CLANG_ENABLE_OBJC_ARC = YES;
				CLANG_WARN_BOOL_CONVERSION = YES;
				CLANG_WARN_CONSTANT_CONVERSION = YES;
				CLANG_WARN_DIRECT_OBJC_ISA_USAGE = YES_ERROR;
				CLANG_WARN_EMPTY_BODY = YES;
				CLANG_WARN_ENUM_CONVERSION = YES;
				CLANG_WARN_INT_CONVERSION = YES;
				CLANG_WARN_OBJC_ROOT_CLASS = YES_ERROR;
				CLANG_WARN_UNREACHABLE_CODE = YES;
				CLANG_WARN__DUPLICATE_METHOD_MATCH = YES;
				"CODE_SIGN_IDENTITY[sdk=iphoneos*]" = "iPhone Developer";
				COPY_PHASE_STRIP = NO;
				DEBUG_INFORMATION_FORMAT = dwarf;
				ENABLE_STRICT_OBJC_MSGSEND = YES;
				ENABLE_TESTABILITY = YES;
				GCC_C_LANGUAGE_STANDARD = gnu99;
				GCC_DYNAMIC_NO_PIC = NO;
				GCC_NO_COMMON_BLOCKS = YES;
				GCC_OPTIMIZATION_LEVEL = 0;
				GCC_PREPROCESSOR_DEFINITIONS = (
					"DEBUG=1",
					"$(inherited)",
				);
				GCC_WARN_64_TO_32_BIT_CONVERSION = YES;
				GCC_WARN_ABOUT_RETURN_TYPE = YES_ERROR;
				GCC_WARN_UNDECLARED_SELECTOR = YES;
				GCC_WARN_UNINITIALIZED_AUTOS = YES_AGGRESSIVE;
				GCC_WARN_UNUSED_FUNCTION = YES;
				GCC_WARN_UNUSED_VARIABLE = YES;
				IPHONEOS_DEPLOYMENT_TARGET = 9.2;
				MTL_ENABLE_DEBUG_INFO = YES;
				ONLY_ACTIVE_ARCH = YES;
				SDKROOT = iphoneos;
			};
			name = Debug;
		};
		EA5FCF811C7262FF00743987 /* Release */ = {
			isa = XCBuildConfiguration;
			buildSettings = {
				ALWAYS_SEARCH_USER_PATHS = NO;
				CLANG_CXX_LANGUAGE_STANDARD = "gnu++0x";
				CLANG_CXX_LIBRARY = "libc++";
				CLANG_ENABLE_MODULES = YES;
				CLANG_ENABLE_OBJC_ARC = YES;
				CLANG_WARN_BOOL_CONVERSION = YES;
				CLANG_WARN_CONSTANT_CONVERSION = YES;
				CLANG_WARN_DIRECT_OBJC_ISA_USAGE = YES_ERROR;
				CLANG_WARN_EMPTY_BODY = YES;
				CLANG_WARN_ENUM_CONVERSION = YES;
				CLANG_WARN_INT_CONVERSION = YES;
				CLANG_WARN_OBJC_ROOT_CLASS = YES_ERROR;
				CLANG_WARN_UNREACHABLE_CODE = YES;
				CLANG_WARN__DUPLICATE_METHOD_MATCH = YES;
				"CODE_SIGN_IDENTITY[sdk=iphoneos*]" = "iPhone Developer";
				COPY_PHASE_STRIP = NO;
				DEBUG_INFORMATION_FORMAT = "dwarf-with-dsym";
				ENABLE_NS_ASSERTIONS = NO;
				ENABLE_STRICT_OBJC_MSGSEND = YES;
				GCC_C_LANGUAGE_STANDARD = gnu99;
				GCC_NO_COMMON_BLOCKS = YES;
				GCC_WARN_64_TO_32_BIT_CONVERSION = YES;
				GCC_WARN_ABOUT_RETURN_TYPE = YES_ERROR;
				GCC_WARN_UNDECLARED_SELECTOR = YES;
				GCC_WARN_UNINITIALIZED_AUTOS = YES_AGGRESSIVE;
				GCC_WARN_UNUSED_FUNCTION = YES;
				GCC_WARN_UNUSED_VARIABLE = YES;
				IPHONEOS_DEPLOYMENT_TARGET = 9.2;
				MTL_ENABLE_DEBUG_INFO = NO;
				SDKROOT = iphoneos;
				VALIDATE_PRODUCT = YES;
			};
			name = Release;
		};
		EA5FCF831C7262FF00743987 /* Debug */ = {
			isa = XCBuildConfiguration;
			baseConfigurationReference = 5918CFAB53D0C7AB5425F1F8 /* Pods-RGTest.debug.xcconfig */;
			buildSettings = {
				ASSETCATALOG_COMPILER_APPICON_NAME = AppIcon;
				BUNDLE_LOADER = "";
				GCC_INCREASE_PRECOMPILED_HEADER_SHARING = YES;
				GCC_PRECOMPILE_PREFIX_HEADER = YES;
				GCC_PREFIX_HEADER = "$(PROJECT_DIR)/RGTest/RGTest-Prefix.pch";
				INFOPLIST_FILE = RGTest/Info.plist;
				IPHONEOS_DEPLOYMENT_TARGET = 8.4;
				LD_RUNPATH_SEARCH_PATHS = "$(inherited) @executable_path/Frameworks";
				PRODUCT_BUNDLE_IDENTIFIER = Sapa.RGTest;
				PRODUCT_NAME = "$(TARGET_NAME)";
				TEST_HOST = "";
				WRAPPER_EXTENSION = app;
			};
			name = Debug;
		};
		EA5FCF841C7262FF00743987 /* Release */ = {
			isa = XCBuildConfiguration;
			baseConfigurationReference = A72401F9563EB2292FD5A95F /* Pods-RGTest.release.xcconfig */;
			buildSettings = {
				ASSETCATALOG_COMPILER_APPICON_NAME = AppIcon;
				BUNDLE_LOADER = "";
				GCC_INCREASE_PRECOMPILED_HEADER_SHARING = YES;
				GCC_PRECOMPILE_PREFIX_HEADER = YES;
				GCC_PREFIX_HEADER = "$(PROJECT_DIR)/RGTest/RGTest-Prefix.pch";
				INFOPLIST_FILE = RGTest/Info.plist;
				IPHONEOS_DEPLOYMENT_TARGET = 8.4;
				LD_RUNPATH_SEARCH_PATHS = "$(inherited) @executable_path/Frameworks";
				PRODUCT_BUNDLE_IDENTIFIER = Sapa.RGTest;
				PRODUCT_NAME = "$(TARGET_NAME)";
				TEST_HOST = "";
				WRAPPER_EXTENSION = app;
			};
			name = Release;
		};
		EA5FCF861C7262FF00743987 /* Debug */ = {
			isa = XCBuildConfiguration;
			baseConfigurationReference = F1DF068C0A64C154986260D6 /* Pods-RGTestTests.debug.xcconfig */;
			buildSettings = {
				BUNDLE_LOADER = "$(TEST_HOST)";
				INFOPLIST_FILE = RGTestTests/Info.plist;
				LD_RUNPATH_SEARCH_PATHS = "$(inherited) @executable_path/Frameworks @loader_path/Frameworks";
				PRODUCT_BUNDLE_IDENTIFIER = Sapa.RGTestTests;
				PRODUCT_NAME = "$(TARGET_NAME)";
				TEST_HOST = "$(BUILT_PRODUCTS_DIR)/RGTest.app/RGTest";
			};
			name = Debug;
		};
		EA5FCF871C7262FF00743987 /* Release */ = {
			isa = XCBuildConfiguration;
			baseConfigurationReference = C501062D43E7E53F812376ED /* Pods-RGTestTests.release.xcconfig */;
			buildSettings = {
				BUNDLE_LOADER = "$(TEST_HOST)";
				INFOPLIST_FILE = RGTestTests/Info.plist;
				LD_RUNPATH_SEARCH_PATHS = "$(inherited) @executable_path/Frameworks @loader_path/Frameworks";
				PRODUCT_BUNDLE_IDENTIFIER = Sapa.RGTestTests;
				PRODUCT_NAME = "$(TARGET_NAME)";
				TEST_HOST = "$(BUILT_PRODUCTS_DIR)/RGTest.app/RGTest";
			};
			name = Release;
		};
/* End XCBuildConfiguration section */

/* Begin XCConfigurationList section */
		EA5FCF5B1C7262FF00743987 /* Build configuration list for PBXProject "RGTest" */ = {
			isa = XCConfigurationList;
			buildConfigurations = (
				EA5FCF801C7262FF00743987 /* Debug */,
				EA5FCF811C7262FF00743987 /* Release */,
			);
			defaultConfigurationIsVisible = 0;
			defaultConfigurationName = Release;
		};
		EA5FCF821C7262FF00743987 /* Build configuration list for PBXNativeTarget "RGTest" */ = {
			isa = XCConfigurationList;
			buildConfigurations = (
				EA5FCF831C7262FF00743987 /* Debug */,
				EA5FCF841C7262FF00743987 /* Release */,
			);
			defaultConfigurationIsVisible = 0;
			defaultConfigurationName = Release;
		};
		EA5FCF851C7262FF00743987 /* Build configuration list for PBXNativeTarget "RGTestTests" */ = {
			isa = XCConfigurationList;
			buildConfigurations = (
				EA5FCF861C7262FF00743987 /* Debug */,
				EA5FCF871C7262FF00743987 /* Release */,
			);
			defaultConfigurationIsVisible = 0;
			defaultConfigurationName = Release;
		};
/* End XCConfigurationList section */

/* Begin XCVersionGroup section */
		EA5FCFA81C75FA4200743987 /* RGTest.xcdatamodeld */ = {
			isa = XCVersionGroup;
			children = (
				EA5FCFA91C75FA4200743987 /* RGTest.xcdatamodel */,
			);
			currentVersion = EA5FCFA91C75FA4200743987 /* RGTest.xcdatamodel */;
			path = RGTest.xcdatamodeld;
			sourceTree = "<group>";
			versionGroupType = wrapper.xcdatamodel;
		};
/* End XCVersionGroup section */
	};
	rootObject = EA5FCF581C7262FF00743987 /* Project object */;
}
